
Microsoft Visual Studio Solution File, Format Version 12.00
# Visual Studio Version 17
VisualStudioVersion = 17.8.34330.188
MinimumVisualStudioVersion = 10.0.40219.1
Project("{2150E333-8FDC-42A3-9474-1A3956D46DE8}") = "Framework", "Framework", "{85EFC693-954E-45CD-8D49-73568359BC4B}"
EndProject
Project("{2150E333-8FDC-42A3-9474-1A3956D46DE8}") = "Sample", "Sample", "{653BA558-27EA-4686-8FDF-1E05CBB1CF9D}"
EndProject
Project("{FAE04EC0-301F-11D3-BF4B-00C04F79EFBC}") = "FlowNetFramework.Core", "Framework\FlowNetFramework.Core\FlowNetFramework.Core.csproj", "{5821EFEA-4240-4257-AA94-FF299208A91E}"
EndProject
Project("{FAE04EC0-301F-11D3-BF4B-00C04F79EFBC}") = "FlowNetFramework.Logging", "FlowNetFramework.Logging\FlowNetFramework.Logging.csproj", "{1C2347FA-F90E-4634-A261-B4F064CF99E7}"
EndProject
Project("{FAE04EC0-301F-11D3-BF4B-00C04F79EFBC}") = "FlowNetFramework.Data", "FlowNetFramework.Data\FlowNetFramework.Data.csproj", "{CAB0375B-67E1-47F8-8489-C5C3B2963676}"
EndProject
Global
	GlobalSection(SolutionConfigurationPlatforms) = preSolution
		Debug|Any CPU = Debug|Any CPU
		Release|Any CPU = Release|Any CPU
	EndGlobalSection
	GlobalSection(ProjectConfigurationPlatforms) = postSolution
		{5821EFEA-4240-4257-AA94-FF299208A91E}.Debug|Any CPU.ActiveCfg = Debug|Any CPU
		{5821EFEA-4240-4257-AA94-FF299208A91E}.Debug|Any CPU.Build.0 = Debug|Any CPU
		{5821EFEA-4240-4257-AA94-FF299208A91E}.Release|Any CPU.ActiveCfg = Release|Any CPU
		{5821EFEA-4240-4257-AA94-FF299208A91E}.Release|Any CPU.Build.0 = Release|Any CPU
		{1C2347FA-F90E-4634-A261-B4F064CF99E7}.Debug|Any CPU.ActiveCfg = Debug|Any CPU
		{1C2347FA-F90E-4634-A261-B4F064CF99E7}.Debug|Any CPU.Build.0 = Debug|Any CPU
		{1C2347FA-F90E-4634-A261-B4F064CF99E7}.Release|Any CPU.ActiveCfg = Release|Any CPU
		{1C2347FA-F90E-4634-A261-B4F064CF99E7}.Release|Any CPU.Build.0 = Release|Any CPU
		{CAB0375B-67E1-47F8-8489-C5C3B2963676}.Debug|Any CPU.ActiveCfg = Debug|Any CPU
		{CAB0375B-67E1-47F8-8489-C5C3B2963676}.Debug|Any CPU.Build.0 = Debug|Any CPU
		{CAB0375B-67E1-47F8-8489-C5C3B2963676}.Release|Any CPU.ActiveCfg = Release|Any CPU
		{CAB0375B-67E1-47F8-8489-C5C3B2963676}.Release|Any CPU.Build.0 = Release|Any CPU
	EndGlobalSection
	GlobalSection(SolutionProperties) = preSolution
		HideSolutionNode = FALSE
	EndGlobalSection
	GlobalSection(NestedProjects) = preSolution
		{5821EFEA-4240-4257-AA94-FF299208A91E} = {85EFC693-954E-45CD-8D49-73568359BC4B}
		{1C2347FA-F90E-4634-A261-B4F064CF99E7} = {85EFC693-954E-45CD-8D49-73568359BC4B}
		{CAB0375B-67E1-47F8-8489-C5C3B2963676} = {85EFC693-954E-45CD-8D49-73568359BC4B}
	EndGlobalSection
	GlobalSection(ExtensibilityGlobals) = postSolution
		SolutionGuid = {90A63A70-C30C-402C-8E2E-34371E5964F6}
	EndGlobalSection
EndGlobal
