
Microsoft Visual Studio Solution File, Format Version 12.00
# Visual Studio Version 17
VisualStudioVersion = 17.8.34330.188
MinimumVisualStudioVersion = 10.0.40219.1
Project("{2150E333-8FDC-42A3-9474-1A3956D46DE8}") = "Framework", "Framework", "{85EFC693-954E-45CD-8D49-73568359BC4B}"
EndProject
Project("{2150E333-8FDC-42A3-9474-1A3956D46DE8}") = "Sample", "Sample", "{653BA558-27EA-4686-8FDF-1E05CBB1CF9D}"
EndProject
Project("{9A19103F-16F7-4668-BE54-9A1E7A4F7556}") = "FlowNetFramework.Core", "Framework\FlowNetFramework.Core\FlowNetFramework.Core.csproj", "{5821EFEA-4240-4257-AA94-FF299208A91E}"
EndProject
Project("{9A19103F-16F7-4668-BE54-9A1E7A4F7556}") = "FlowNetFramework.Data", "Framework\FlowNetFramework.Data\FlowNetFramework.Data.csproj", "{2A91A959-13B6-4B4A-94AD-5D4A86A5324E}"
EndProject
Project("{9A19103F-16F7-4668-BE54-9A1E7A4F7556}") = "FlowNetFramework.Logging", "Framework\FlowNetFramework.Logging\FlowNetFramework.Logging.csproj", "{AF8A0B95-B8B3-4309-8C3B-3C268C95B062}"
EndProject
Project("{9A19103F-16F7-4668-BE54-9A1E7A4F7556}") = "Sample.API", "Sample\Sample.API\Sample.API.csproj", "{3BE3B317-9D4E-4864-9A8B-6E3C81140943}"
EndProject
Project("{FAE04EC0-301F-11D3-BF4B-00C04F79EFBC}") = "FlowNetFramework.Commons", "Framework\FlowNetFramework.Commons\FlowNetFramework.Commons.csproj", "{C016D3E7-7A44-4464-A25B-B5BEEF498A75}"
EndProject
Global
	GlobalSection(SolutionConfigurationPlatforms) = preSolution
		Debug|Any CPU = Debug|Any CPU
		Release|Any CPU = Release|Any CPU
	EndGlobalSection
	GlobalSection(ProjectConfigurationPlatforms) = postSolution
		{5821EFEA-4240-4257-AA94-FF299208A91E}.Debug|Any CPU.ActiveCfg = Debug|Any CPU
		{5821EFEA-4240-4257-AA94-FF299208A91E}.Debug|Any CPU.Build.0 = Debug|Any CPU
		{5821EFEA-4240-4257-AA94-FF299208A91E}.Release|Any CPU.ActiveCfg = Release|Any CPU
		{5821EFEA-4240-4257-AA94-FF299208A91E}.Release|Any CPU.Build.0 = Release|Any CPU
		{2A91A959-13B6-4B4A-94AD-5D4A86A5324E}.Debug|Any CPU.ActiveCfg = Debug|Any CPU
		{2A91A959-13B6-4B4A-94AD-5D4A86A5324E}.Debug|Any CPU.Build.0 = Debug|Any CPU
		{2A91A959-13B6-4B4A-94AD-5D4A86A5324E}.Release|Any CPU.ActiveCfg = Release|Any CPU
		{2A91A959-13B6-4B4A-94AD-5D4A86A5324E}.Release|Any CPU.Build.0 = Release|Any CPU
		{AF8A0B95-B8B3-4309-8C3B-3C268C95B062}.Debug|Any CPU.ActiveCfg = Debug|Any CPU
		{AF8A0B95-B8B3-4309-8C3B-3C268C95B062}.Debug|Any CPU.Build.0 = Debug|Any CPU
		{AF8A0B95-B8B3-4309-8C3B-3C268C95B062}.Release|Any CPU.ActiveCfg = Release|Any CPU
		{AF8A0B95-B8B3-4309-8C3B-3C268C95B062}.Release|Any CPU.Build.0 = Release|Any CPU
		{3BE3B317-9D4E-4864-9A8B-6E3C81140943}.Debug|Any CPU.ActiveCfg = Debug|Any CPU
		{3BE3B317-9D4E-4864-9A8B-6E3C81140943}.Debug|Any CPU.Build.0 = Debug|Any CPU
		{3BE3B317-9D4E-4864-9A8B-6E3C81140943}.Release|Any CPU.ActiveCfg = Release|Any CPU
		{3BE3B317-9D4E-4864-9A8B-6E3C81140943}.Release|Any CPU.Build.0 = Release|Any CPU
		{C016D3E7-7A44-4464-A25B-B5BEEF498A75}.Debug|Any CPU.ActiveCfg = Debug|Any CPU
		{C016D3E7-7A44-4464-A25B-B5BEEF498A75}.Debug|Any CPU.Build.0 = Debug|Any CPU
		{C016D3E7-7A44-4464-A25B-B5BEEF498A75}.Release|Any CPU.ActiveCfg = Release|Any CPU
		{C016D3E7-7A44-4464-A25B-B5BEEF498A75}.Release|Any CPU.Build.0 = Release|Any CPU
	EndGlobalSection
	GlobalSection(SolutionProperties) = preSolution
		HideSolutionNode = FALSE
	EndGlobalSection
	GlobalSection(NestedProjects) = preSolution
		{5821EFEA-4240-4257-AA94-FF299208A91E} = {85EFC693-954E-45CD-8D49-73568359BC4B}
		{2A91A959-13B6-4B4A-94AD-5D4A86A5324E} = {85EFC693-954E-45CD-8D49-73568359BC4B}
		{AF8A0B95-B8B3-4309-8C3B-3C268C95B062} = {85EFC693-954E-45CD-8D49-73568359BC4B}
		{3BE3B317-9D4E-4864-9A8B-6E3C81140943} = {653BA558-27EA-4686-8FDF-1E05CBB1CF9D}
		{C016D3E7-7A44-4464-A25B-B5BEEF498A75} = {85EFC693-954E-45CD-8D49-73568359BC4B}
	EndGlobalSection
	GlobalSection(ExtensibilityGlobals) = postSolution
		SolutionGuid = {90A63A70-C30C-402C-8E2E-34371E5964F6}
	EndGlobalSection
EndGlobal
